
Microsoft Visual Studio Solution File, Format Version 12.00
# Visual Studio 2012
Project("{2150E333-8FDC-42A3-9474-1A3956D46DE8}") = "0.Pet Data", "0.Pet Data", "{D08E58C8-EDFF-4CBE-BF3E-CA8B5CD76F90}"
EndProject
Project("{2150E333-8FDC-42A3-9474-1A3956D46DE8}") = "1.Pet Entity", "1.Pet Entity", "{5F5BB608-0599-49FE-9C53-D403F8C6BFB9}"
EndProject
Project("{2150E333-8FDC-42A3-9474-1A3956D46DE8}") = "2.Pet Business", "2.Pet Business", "{1ACB7378-39B1-41D0-BDA4-D8C3BF2F767D}"
EndProject
Project("{2150E333-8FDC-42A3-9474-1A3956D46DE8}") = "3.Pet Web", "3.Pet Web", "{AE01965E-E8C8-4CD7-A5FB-E14D1F1F5A38}"
EndProject
Project("{FAE04EC0-301F-11D3-BF4B-00C04F79EFBC}") = "Pet.Entity", "Pet.Entity\Pet.Entity.csproj", "{01EFE64D-718C-48F4-A42B-B7C1903248AF}"
EndProject
Project("{FAE04EC0-301F-11D3-BF4B-00C04F79EFBC}") = "Pet.Service", "Pet.Service\Pet.Service.csproj", "{2D0F8286-5F26-4016-96E0-A97F5718E66A}"
EndProject
Project("{FAE04EC0-301F-11D3-BF4B-00C04F79EFBC}") = "Pet.Data.EF5", "Pet.Data.EF5\Pet.Data.EF5.csproj", "{4E0CC7E8-F7DB-4B1A-9144-9A9633D37A4B}"
EndProject
Project("{FAE04EC0-301F-11D3-BF4B-00C04F79EFBC}") = "Pet.Web", "Pet.Web\Pet.Web.csproj", "{89446530-7C74-4EA0-9F72-3BC12AEEBD9A}"
EndProject
Project("{FAE04EC0-301F-11D3-BF4B-00C04F79EFBC}") = "Pet.Web.Tests", "Pet.Web.Tests\Pet.Web.Tests.csproj", "{5175E407-DAF9-4164-8F6D-051C26A63C1F}"
EndProject
Global
	GlobalSection(TeamFoundationVersionControl) = preSolution
		SccNumberOfProjects = 6
		SccEnterpriseProvider = {4CA58AB2-18FA-4F8D-95D4-32DDF27D184C}
		SccTeamFoundationServer = https://mcastaneda2101.visualstudio.com/
		SccLocalPath0 = .
		SccProjectUniqueName1 = Pet.Data.EF5\\Pet.Data.EF5.csproj
		SccProjectTopLevelParentUniqueName1 = Pet.sln
		SccProjectName1 = Pet.Data.EF5
		SccLocalPath1 = Pet.Data.EF5
		SccProjectUniqueName2 = Pet.Web.Tests\\Pet.Web.Tests.csproj
		SccProjectTopLevelParentUniqueName2 = Pet.sln
		SccProjectName2 = Pet.Web.Tests
		SccLocalPath2 = Pet.Web.Tests
		SccProjectUniqueName3 = Pet.Entity\\Pet.Entity.csproj
		SccProjectTopLevelParentUniqueName3 = Pet.sln
		SccProjectName3 = Pet.Entity
		SccLocalPath3 = Pet.Entity
		SccProjectUniqueName4 = Pet.Service\\Pet.Service.csproj
		SccProjectTopLevelParentUniqueName4 = Pet.sln
		SccProjectName4 = Pet.Service
		SccLocalPath4 = Pet.Service
		SccProjectUniqueName5 = Pet.Web\\Pet.Web.csproj
		SccProjectTopLevelParentUniqueName5 = Pet.sln
		SccProjectName5 = Pet.Web
		SccLocalPath5 = Pet.Web
	EndGlobalSection
	GlobalSection(SolutionConfigurationPlatforms) = preSolution
		Debug|Any CPU = Debug|Any CPU
		Release|Any CPU = Release|Any CPU
	EndGlobalSection
	GlobalSection(ProjectConfigurationPlatforms) = postSolution
		{01EFE64D-718C-48F4-A42B-B7C1903248AF}.Debug|Any CPU.ActiveCfg = Debug|Any CPU
		{01EFE64D-718C-48F4-A42B-B7C1903248AF}.Debug|Any CPU.Build.0 = Debug|Any CPU
		{01EFE64D-718C-48F4-A42B-B7C1903248AF}.Release|Any CPU.ActiveCfg = Release|Any CPU
		{01EFE64D-718C-48F4-A42B-B7C1903248AF}.Release|Any CPU.Build.0 = Release|Any CPU
		{2D0F8286-5F26-4016-96E0-A97F5718E66A}.Debug|Any CPU.ActiveCfg = Debug|Any CPU
		{2D0F8286-5F26-4016-96E0-A97F5718E66A}.Debug|Any CPU.Build.0 = Debug|Any CPU
		{2D0F8286-5F26-4016-96E0-A97F5718E66A}.Release|Any CPU.ActiveCfg = Release|Any CPU
		{2D0F8286-5F26-4016-96E0-A97F5718E66A}.Release|Any CPU.Build.0 = Release|Any CPU
		{4E0CC7E8-F7DB-4B1A-9144-9A9633D37A4B}.Debug|Any CPU.ActiveCfg = Debug|Any CPU
		{4E0CC7E8-F7DB-4B1A-9144-9A9633D37A4B}.Debug|Any CPU.Build.0 = Debug|Any CPU
		{4E0CC7E8-F7DB-4B1A-9144-9A9633D37A4B}.Release|Any CPU.ActiveCfg = Release|Any CPU
		{4E0CC7E8-F7DB-4B1A-9144-9A9633D37A4B}.Release|Any CPU.Build.0 = Release|Any CPU
		{89446530-7C74-4EA0-9F72-3BC12AEEBD9A}.Debug|Any CPU.ActiveCfg = Debug|Any CPU
		{89446530-7C74-4EA0-9F72-3BC12AEEBD9A}.Debug|Any CPU.Build.0 = Debug|Any CPU
		{89446530-7C74-4EA0-9F72-3BC12AEEBD9A}.Release|Any CPU.ActiveCfg = Release|Any CPU
		{89446530-7C74-4EA0-9F72-3BC12AEEBD9A}.Release|Any CPU.Build.0 = Release|Any CPU
		{5175E407-DAF9-4164-8F6D-051C26A63C1F}.Debug|Any CPU.ActiveCfg = Debug|Any CPU
		{5175E407-DAF9-4164-8F6D-051C26A63C1F}.Debug|Any CPU.Build.0 = Debug|Any CPU
		{5175E407-DAF9-4164-8F6D-051C26A63C1F}.Release|Any CPU.ActiveCfg = Release|Any CPU
		{5175E407-DAF9-4164-8F6D-051C26A63C1F}.Release|Any CPU.Build.0 = Release|Any CPU
	EndGlobalSection
	GlobalSection(SolutionProperties) = preSolution
		HideSolutionNode = FALSE
	EndGlobalSection
	GlobalSection(NestedProjects) = preSolution
		{4E0CC7E8-F7DB-4B1A-9144-9A9633D37A4B} = {D08E58C8-EDFF-4CBE-BF3E-CA8B5CD76F90}
		{01EFE64D-718C-48F4-A42B-B7C1903248AF} = {5F5BB608-0599-49FE-9C53-D403F8C6BFB9}
		{2D0F8286-5F26-4016-96E0-A97F5718E66A} = {1ACB7378-39B1-41D0-BDA4-D8C3BF2F767D}
		{89446530-7C74-4EA0-9F72-3BC12AEEBD9A} = {AE01965E-E8C8-4CD7-A5FB-E14D1F1F5A38}
		{5175E407-DAF9-4164-8F6D-051C26A63C1F} = {AE01965E-E8C8-4CD7-A5FB-E14D1F1F5A38}
	EndGlobalSection
EndGlobal
